
Microsoft Visual Studio Solution File, Format Version 12.00
# Visual Studio Version 16
VisualStudioVersion = 16.0.31410.357
MinimumVisualStudioVersion = 10.0.40219.1
Project("{FAE04EC0-301F-11D3-BF4B-00C04F79EFBC}") = "Project", "Project\Project.csproj", "{E3BBC423-BC98-4C3F-BDE6-120941D14CA8}"
EndProject
Global
	GlobalSection(SolutionConfigurationPlatforms) = preSolution
		Debug|Any CPU = Debug|Any CPU
		Release|Any CPU = Release|Any CPU
	EndGlobalSection
	GlobalSection(ProjectConfigurationPlatforms) = postSolution
		{E3BBC423-BC98-4C3F-BDE6-120941D14CA8}.Debug|Any CPU.ActiveCfg = Debug|Any CPU
		{E3BBC423-BC98-4C3F-BDE6-120941D14CA8}.Debug|Any CPU.Build.0 = Debug|Any CPU
		{E3BBC423-BC98-4C3F-BDE6-120941D14CA8}.Release|Any CPU.ActiveCfg = Release|Any CPU
		{E3BBC423-BC98-4C3F-BDE6-120941D14CA8}.Release|Any CPU.Build.0 = Release|Any CPU
	EndGlobalSection
	GlobalSection(SolutionProperties) = preSolution
		HideSolutionNode = FALSE
	EndGlobalSection
	GlobalSection(ExtensibilityGlobals) = postSolution
		SolutionGuid = {33EF0040-02B3-45FD-9D59-A329AD7F348B}
	EndGlobalSection
EndGlobal
